{
  "nodes": {
    "nixpkgs": {
      "locked": {
        "lastModified": 1743448293,
        "narHash": "sha256-bmEPmSjJakAp/JojZRrUvNcDX2R5/nuX6bm+seVaGhs=",
        "owner": "nixos",
        "repo": "nixpkgs",
        "rev": "77b584d61ff80b4cef9245829a6f1dfad5afdfa3",
        "type": "github"
      },
      "original": {
        "owner": "nixos",
        "ref": "nixos-unstable",
        "repo": "nixpkgs",
        "type": "github"
      }
    },
    "nixpkgs-pinneda": {
      "locked": {
        "lastModified": 1708814358,
        "narHash": "sha256-mYJwTy2TNTOXbxVtmhXDv98F2ORhxRzL1S6yw1+1G20=",
        "owner": "NixOS",
        "repo": "nixpkgs",
        "rev": "336eda0d07dc5e2be1f923990ad9fdb6bc8e28e3",
        "type": "github"
      },
      "original": {
        "owner": "NixOS",
        "repo": "nixpkgs",
        "rev": "336eda0d07dc5e2be1f923990ad9fdb6bc8e28e3",
        "type": "github"
      }
    },
    "root": {
      "inputs": {
        "nixpkgs": "nixpkgs",
        "nixpkgs-pinneda": "nixpkgs-pinneda"
      }
    }
  },
  "root": "root",
  "version": 7
}
